
Microsoft Visual Studio Solution File, Format Version 12.00
# Visual Studio Version 17
VisualStudioVersion = 17.9.34701.34
MinimumVisualStudioVersion = 10.0.40219.1
Project("{FAE04EC0-301F-11D3-BF4B-00C04F79EFBC}") = "JobPortal", "JobPortal\JobPortal.csproj", "{8D9E2D78-50D9-4CCE-9E8B-8C4BC05C40A1}"
EndProject
Global
	GlobalSection(SolutionConfigurationPlatforms) = preSolution
		Debug|Any CPU = Debug|Any CPU
		Release|Any CPU = Release|Any CPU
	EndGlobalSection
	GlobalSection(ProjectConfigurationPlatforms) = postSolution
		{8D9E2D78-50D9-4CCE-9E8B-8C4BC05C40A1}.Debug|Any CPU.ActiveCfg = Debug|Any CPU
		{8D9E2D78-50D9-4CCE-9E8B-8C4BC05C40A1}.Debug|Any CPU.Build.0 = Debug|Any CPU
		{8D9E2D78-50D9-4CCE-9E8B-8C4BC05C40A1}.Release|Any CPU.ActiveCfg = Release|Any CPU
		{8D9E2D78-50D9-4CCE-9E8B-8C4BC05C40A1}.Release|Any CPU.Build.0 = Release|Any CPU
	EndGlobalSection
	GlobalSection(SolutionProperties) = preSolution
		HideSolutionNode = FALSE
	EndGlobalSection
	GlobalSection(ExtensibilityGlobals) = postSolution
		SolutionGuid = {206415FB-6F8F-4494-8DE4-E45C89EE7618}
	EndGlobalSection
EndGlobal
